# This file is automatically @generated by Cargo.
# It is not intended for manual editing.
version = 3

[[package]]
name = "delayed-assert"
version = "0.1.1"
dependencies = [
 "truthy",
]

[[package]]
name = "truthy"
version = "1.1.0"
source = "registry+https://github.com/rust-lang/crates.io-index"
checksum = "c6ebd0f1df298ffd07878d07ccb7fe00a587c42343de8a0b760d5f0cc65f9422"
